// !$*UTF8*$!
{
	archiveVersion = 1;
	classes = {
	};
	objectVersion = 46;
	objects = {

/* Begin PBXBuildFile section */
		556393531A85331D0000B8EA /* main.m in Sources */ = {isa = PBXBuildFile; fileRef = 556393521A85331D0000B8EA /* main.m */; };
		556393561A85331D0000B8EA /* AppDelegate.m in Sources */ = {isa = PBXBuildFile; fileRef = 556393551A85331D0000B8EA /* AppDelegate.m */; };
		556393591A85331D0000B8EA /* ViewController.m in Sources */ = {isa = PBXBuildFile; fileRef = 556393581A85331D0000B8EA /* ViewController.m */; };
		5563935C1A85331D0000B8EA /* Main.storyboard in Resources */ = {isa = PBXBuildFile; fileRef = 5563935A1A85331D0000B8EA /* Main.storyboard */; };
		5563935E1A85331D0000B8EA /* Images.xcassets in Resources */ = {isa = PBXBuildFile; fileRef = 5563935D1A85331D0000B8EA /* Images.xcassets */; };
		556393611A85331D0000B8EA /* LaunchScreen.xib in Resources */ = {isa = PBXBuildFile; fileRef = 5563935F1A85331D0000B8EA /* LaunchScreen.xib */; };
		5563936D1A85331D0000B8EA /* BaseballTests.m in Sources */ = {isa = PBXBuildFile; fileRef = 5563936C1A85331D0000B8EA /* BaseballTests.m */; };
/* End PBXBuildFile section */

/* Begin PBXContainerItemProxy section */
		556393671A85331D0000B8EA /* PBXContainerItemProxy */ = {
			isa = PBXContainerItemProxy;
			containerPortal = 556393451A85331D0000B8EA /* Project object */;
			proxyType = 1;
			remoteGlobalIDString = 5563934C1A85331D0000B8EA;
			remoteInfo = Baseball;
		};
/* End PBXContainerItemProxy section */

/* Begin PBXFileReference section */
		5563934D1A85331D0000B8EA /* Baseball.app */ = {isa = PBXFileReference; explicitFileType = wrapper.application; includeInIndex = 0; path = Baseball.app; sourceTree = BUILT_PRODUCTS_DIR; };
		556393511A85331D0000B8EA /* Info.plist */ = {isa = PBXFileReference; lastKnownFileType = text.plist.xml; path = Info.plist; sourceTree = "<group>"; };
		556393521A85331D0000B8EA /* main.m */ = {isa = PBXFileReference; lastKnownFileType = sourcecode.c.objc; path = main.m; sourceTree = "<group>"; };
		556393541A85331D0000B8EA /* AppDelegate.h */ = {isa = PBXFileReference; lastKnownFileType = sourcecode.c.h; path = AppDelegate.h; sourceTree = "<group>"; };
		556393551A85331D0000B8EA /* AppDelegate.m */ = {isa = PBXFileReference; lastKnownFileType = sourcecode.c.objc; path = AppDelegate.m; sourceTree = "<group>"; };
		556393571A85331D0000B8EA /* ViewController.h */ = {isa = PBXFileReference; lastKnownFileType = sourcecode.c.h; path = ViewController.h; sourceTree = "<group>"; };
		556393581A85331D0000B8EA /* ViewController.m */ = {isa = PBXFileReference; lastKnownFileType = sourcecode.c.objc; path = ViewController.m; sourceTree = "<group>"; };
		5563935B1A85331D0000B8EA /* Base */ = {isa = PBXFileReference; lastKnownFileType = file.storyboard; name = Base; path = Base.lproj/Main.storyboard; sourceTree = "<group>"; };
		5563935D1A85331D0000B8EA /* Images.xcassets */ = {isa = PBXFileReference; lastKnownFileType = folder.assetcatalog; path = Images.xcassets; sourceTree = "<group>"; };
		556393601A85331D0000B8EA /* Base */ = {isa = PBXFileReference; lastKnownFileType = file.xib; name = Base; path = Base.lproj/LaunchScreen.xib; sourceTree = "<group>"; };
		556393661A85331D0000B8EA /* BaseballTests.xctest */ = {isa = PBXFileReference; explicitFileType = wrapper.cfbundle; includeInIndex = 0; path = BaseballTests.xctest; sourceTree = BUILT_PRODUCTS_DIR; };
		5563936B1A85331D0000B8EA /* Info.plist */ = {isa = PBXFileReference; lastKnownFileType = text.plist.xml; path = Info.plist; sourceTree = "<group>"; };
		5563936C1A85331D0000B8EA /* BaseballTests.m */ = {isa = PBXFileReference; lastKnownFileType = sourcecode.c.objc; path = BaseballTests.m; sourceTree = "<group>"; };
/* End PBXFileReference section */

/* Begin PBXFrameworksBuildPhase section */
		5563934A1A85331D0000B8EA /* Frameworks */ = {
			isa = PBXFrameworksBuildPhase;
			buildActionMask = 2147483647;
			files = (
			);
			runOnlyForDeploymentPostprocessing = 0;
		};
		556393631A85331D0000B8EA /* Frameworks */ = {
			isa = PBXFrameworksBuildPhase;
			buildActionMask = 2147483647;
			files = (
			);
			runOnlyForDeploymentPostprocessing = 0;
		};
/* End PBXFrameworksBuildPhase section */

/* Begin PBXGroup section */
		556393441A85331D0000B8EA = {
			isa = PBXGroup;
			children = (
				5563934F1A85331D0000B8EA /* Baseball */,
				556393691A85331D0000B8EA /* BaseballTests */,
				5563934E1A85331D0000B8EA /* Products */,
			);
			sourceTree = "<group>";
		};
		5563934E1A85331D0000B8EA /* Products */ = {
			isa = PBXGroup;
			children = (
				5563934D1A85331D0000B8EA /* Baseball.app */,
				556393661A85331D0000B8EA /* BaseballTests.xctest */,
			);
			name = Products;
			sourceTree = "<group>";
		};
		5563934F1A85331D0000B8EA /* Baseball */ = {
			isa = PBXGroup;
			children = (
				556393541A85331D0000B8EA /* AppDelegate.h */,
				556393551A85331D0000B8EA /* AppDelegate.m */,
				556393571A85331D0000B8EA /* ViewController.h */,
				556393581A85331D0000B8EA /* ViewController.m */,
				5563935A1A85331D0000B8EA /* Main.storyboard */,
				5563935D1A85331D0000B8EA /* Images.xcassets */,
				5563935F1A85331D0000B8EA /* LaunchScreen.xib */,
				556393501A85331D0000B8EA /* Supporting Files */,
			);
			path = Baseball;
			sourceTree = "<group>";
		};
		556393501A85331D0000B8EA /* Supporting Files */ = {
			isa = PBXGroup;
			children = (
				556393511A85331D0000B8EA /* Info.plist */,
				556393521A85331D0000B8EA /* main.m */,
			);
			name = "Supporting Files";
			sourceTree = "<group>";
		};
		556393691A85331D0000B8EA /* BaseballTests */ = {
			isa = PBXGroup;
			children = (
				5563936C1A85331D0000B8EA /* BaseballTests.m */,
				5563936A1A85331D0000B8EA /* Supporting Files */,
			);
			path = BaseballTests;
			sourceTree = "<group>";
		};
		5563936A1A85331D0000B8EA /* Supporting Files */ = {
			isa = PBXGroup;
			children = (
				5563936B1A85331D0000B8EA /* Info.plist */,
			);
			name = "Supporting Files";
			sourceTree = "<group>";
		};
/* End PBXGroup section */

/* Begin PBXNativeTarget section */
		5563934C1A85331D0000B8EA /* Baseball */ = {
			isa = PBXNativeTarget;
			buildConfigurationList = 556393701A85331D0000B8EA /* Build configuration list for PBXNativeTarget "Baseball" */;
			buildPhases = (
				556393491A85331D0000B8EA /* Sources */,
				5563934A1A85331D0000B8EA /* Frameworks */,
				5563934B1A85331D0000B8EA /* Resources */,
			);
			buildRules = (
			);
			dependencies = (
			);
			name = Baseball;
			productName = Baseball;
			productReference = 5563934D1A85331D0000B8EA /* Baseball.app */;
			productType = "com.apple.product-type.application";
		};
		556393651A85331D0000B8EA /* BaseballTests */ = {
			isa = PBXNativeTarget;
			buildConfigurationList = 556393731A85331D0000B8EA /* Build configuration list for PBXNativeTarget "BaseballTests" */;
			buildPhases = (
				556393621A85331D0000B8EA /* Sources */,
				556393631A85331D0000B8EA /* Frameworks */,
				556393641A85331D0000B8EA /* Resources */,
			);
			buildRules = (
			);
			dependencies = (
				556393681A85331D0000B8EA /* PBXTargetDependency */,
			);
			name = BaseballTests;
			productName = BaseballTests;
			productReference = 556393661A85331D0000B8EA /* BaseballTests.xctest */;
			productType = "com.apple.product-type.bundle.unit-test";
		};
/* End PBXNativeTarget section */

/* Begin PBXProject section */
		556393451A85331D0000B8EA /* Project object */ = {
			isa = PBXProject;
			attributes = {
				LastUpgradeCheck = 0610;
				ORGANIZATIONNAME = Dave;
				TargetAttributes = {
					5563934C1A85331D0000B8EA = {
						CreatedOnToolsVersion = 6.1.1;
					};
					556393651A85331D0000B8EA = {
						CreatedOnToolsVersion = 6.1.1;
						TestTargetID = 5563934C1A85331D0000B8EA;
					};
				};
			};
			buildConfigurationList = 556393481A85331D0000B8EA /* Build configuration list for PBXProject "Baseball" */;
			compatibilityVersion = "Xcode 3.2";
			developmentRegion = English;
			hasScannedForEncodings = 0;
			knownRegions = (
				en,
				Base,
			);
			mainGroup = 556393441A85331D0000B8EA;
			productRefGroup = 5563934E1A85331D0000B8EA /* Products */;
			projectDirPath = "";
			projectRoot = "";
			targets = (
				5563934C1A85331D0000B8EA /* Baseball */,
				556393651A85331D0000B8EA /* BaseballTests */,
			);
		};
/* End PBXProject section */

/* Begin PBXResourcesBuildPhase section */
		5563934B1A85331D0000B8EA /* Resources */ = {
			isa = PBXResourcesBuildPhase;
			buildActionMask = 2147483647;
			files = (
				5563935C1A85331D0000B8EA /* Main.storyboard in Resources */,
				556393611A85331D0000B8EA /* LaunchScreen.xib in Resources */,
				5563935E1A85331D0000B8EA /* Images.xcassets in Resources */,
			);
			runOnlyForDeploymentPostprocessing = 0;
		};
		556393641A85331D0000B8EA /* Resources */ = {
			isa = PBXResourcesBuildPhase;
			buildActionMask = 2147483647;
			files = (
			);
			runOnlyForDeploymentPostprocessing = 0;
		};
/* End PBXResourcesBuildPhase section */

/* Begin PBXSourcesBuildPhase section */
		556393491A85331D0000B8EA /* Sources */ = {
			isa = PBXSourcesBuildPhase;
			buildActionMask = 2147483647;
			files = (
				556393591A85331D0000B8EA /* ViewController.m in Sources */,
				556393561A85331D0000B8EA /* AppDelegate.m in Sources */,
				556393531A85331D0000B8EA /* main.m in Sources */,
			);
			runOnlyForDeploymentPostprocessing = 0;
		};
		556393621A85331D0000B8EA /* Sources */ = {
			isa = PBXSourcesBuildPhase;
			buildActionMask = 2147483647;
			files = (
				5563936D1A85331D0000B8EA /* BaseballTests.m in Sources */,
			);
			runOnlyForDeploymentPostprocessing = 0;
		};
/* End PBXSourcesBuildPhase section */

/* Begin PBXTargetDependency section */
		556393681A85331D0000B8EA /* PBXTargetDependency */ = {
			isa = PBXTargetDependency;
			target = 5563934C1A85331D0000B8EA /* Baseball */;
			targetProxy = 556393671A85331D0000B8EA /* PBXContainerItemProxy */;
		};
/* End PBXTargetDependency section */

/* Begin PBXVariantGroup section */
		5563935A1A85331D0000B8EA /* Main.storyboard */ = {
			isa = PBXVariantGroup;
			children = (
				5563935B1A85331D0000B8EA /* Base */,
			);
			name = Main.storyboard;
			sourceTree = "<group>";
		};
		5563935F1A85331D0000B8EA /* LaunchScreen.xib */ = {
			isa = PBXVariantGroup;
			children = (
				556393601A85331D0000B8EA /* Base */,
			);
			name = LaunchScreen.xib;
			sourceTree = "<group>";
		};
/* End PBXVariantGroup section */

/* Begin XCBuildConfiguration section */
		5563936E1A85331D0000B8EA /* Debug */ = {
			isa = XCBuildConfiguration;
			buildSettings = {
				ALWAYS_SEARCH_USER_PATHS = NO;
				CLANG_CXX_LANGUAGE_STANDARD = "gnu++0x";
				CLANG_CXX_LIBRARY = "libc++";
				CLANG_ENABLE_MODULES = YES;
				CLANG_ENABLE_OBJC_ARC = YES;
				CLANG_WARN_BOOL_CONVERSION = YES;
				CLANG_WARN_CONSTANT_CONVERSION = YES;
				CLANG_WARN_DIRECT_OBJC_ISA_USAGE = YES_ERROR;
				CLANG_WARN_EMPTY_BODY = YES;
				CLANG_WARN_ENUM_CONVERSION = YES;
				CLANG_WARN_INT_CONVERSION = YES;
				CLANG_WARN_OBJC_ROOT_CLASS = YES_ERROR;
				CLANG_WARN_UNREACHABLE_CODE = YES;
				CLANG_WARN__DUPLICATE_METHOD_MATCH = YES;
				"CODE_SIGN_IDENTITY[sdk=iphoneos*]" = "iPhone Developer";
				COPY_PHASE_STRIP = NO;
				ENABLE_STRICT_OBJC_MSGSEND = YES;
				GCC_C_LANGUAGE_STANDARD = gnu99;
				GCC_DYNAMIC_NO_PIC = NO;
				GCC_OPTIMIZATION_LEVEL = 0;
				GCC_PREPROCESSOR_DEFINITIONS = (
					"DEBUG=1",
					"$(inherited)",
				);
				GCC_SYMBOLS_PRIVATE_EXTERN = NO;
				GCC_WARN_64_TO_32_BIT_CONVERSION = YES;
				GCC_WARN_ABOUT_RETURN_TYPE = YES_ERROR;
				GCC_WARN_UNDECLARED_SELECTOR = YES;
				GCC_WARN_UNINITIALIZED_AUTOS = YES_AGGRESSIVE;
				GCC_WARN_UNUSED_FUNCTION = YES;
				GCC_WARN_UNUSED_VARIABLE = YES;
				IPHONEOS_DEPLOYMENT_TARGET = 8.1;
				MTL_ENABLE_DEBUG_INFO = YES;
				ONLY_ACTIVE_ARCH = YES;
				SDKROOT = iphoneos;
				TARGETED_DEVICE_FAMILY = "1,2";
			};
			name = Debug;
		};
		5563936F1A85331D0000B8EA /* Release */ = {
			isa = XCBuildConfiguration;
			buildSettings = {
				ALWAYS_SEARCH_USER_PATHS = NO;
				CLANG_CXX_LANGUAGE_STANDARD = "gnu++0x";
				CLANG_CXX_LIBRARY = "libc++";
				CLANG_ENABLE_MODULES = YES;
				CLANG_ENABLE_OBJC_ARC = YES;
				CLANG_WARN_BOOL_CONVERSION = YES;
				CLANG_WARN_CONSTANT_CONVERSION = YES;
				CLANG_WARN_DIRECT_OBJC_ISA_USAGE = YES_ERROR;
				CLANG_WARN_EMPTY_BODY = YES;
				CLANG_WARN_ENUM_CONVERSION = YES;
				CLANG_WARN_INT_CONVERSION = YES;
				CLANG_WARN_OBJC_ROOT_CLASS = YES_ERROR;
				CLANG_WARN_UNREACHABLE_CODE = YES;
				CLANG_WARN__DUPLICATE_METHOD_MATCH = YES;
				"CODE_SIGN_IDENTITY[sdk=iphoneos*]" = "iPhone Developer";
				COPY_PHASE_STRIP = YES;
				ENABLE_NS_ASSERTIONS = NO;
				ENABLE_STRICT_OBJC_MSGSEND = YES;
				GCC_C_LANGUAGE_STANDARD = gnu99;
				GCC_WARN_64_TO_32_BIT_CONVERSION = YES;
				GCC_WARN_ABOUT_RETURN_TYPE = YES_ERROR;
				GCC_WARN_UNDECLARED_SELECTOR = YES;
				GCC_WARN_UNINITIALIZED_AUTOS = YES_AGGRESSIVE;
				GCC_WARN_UNUSED_FUNCTION = YES;
				GCC_WARN_UNUSED_VARIABLE = YES;
				IPHONEOS_DEPLOYMENT_TARGET = 8.1;
				MTL_ENABLE_DEBUG_INFO = NO;
				SDKROOT = iphoneos;
				TARGETED_DEVICE_FAMILY = "1,2";
				VALIDATE_PRODUCT = YES;
			};
			name = Release;
		};
		556393711A85331D0000B8EA /* Debug */ = {
			isa = XCBuildConfiguration;
			buildSettings = {
				ASSETCATALOG_COMPILER_APPICON_NAME = AppIcon;
				INFOPLIST_FILE = Baseball/Info.plist;
				IPHONEOS_DEPLOYMENT_TARGET = 7.0;
				LD_RUNPATH_SEARCH_PATHS = "$(inherited) @executable_path/Frameworks";
				PRODUCT_NAME = "$(TARGET_NAME)";
			};
			name = Debug;
		};
		556393721A85331D0000B8EA /* Release */ = {
			isa = XCBuildConfiguration;
			buildSettings = {
				ASSETCATALOG_COMPILER_APPICON_NAME = AppIcon;
				INFOPLIST_FILE = Baseball/Info.plist;
				IPHONEOS_DEPLOYMENT_TARGET = 7.0;
				LD_RUNPATH_SEARCH_PATHS = "$(inherited) @executable_path/Frameworks";
				PRODUCT_NAME = "$(TARGET_NAME)";
			};
			name = Release;
		};
		556393741A85331D0000B8EA /* Debug */ = {
			isa = XCBuildConfiguration;
			buildSettings = {
				BUNDLE_LOADER = "$(TEST_HOST)";
				FRAMEWORK_SEARCH_PATHS = (
					"$(SDKROOT)/Developer/Library/Frameworks",
					"$(inherited)",
				);
				GCC_PREPROCESSOR_DEFINITIONS = (
					"DEBUG=1",
					"$(inherited)",
				);
				INFOPLIST_FILE = BaseballTests/Info.plist;
				LD_RUNPATH_SEARCH_PATHS = "$(inherited) @executable_path/Frameworks @loader_path/Frameworks";
				PRODUCT_NAME = "$(TARGET_NAME)";
				TEST_HOST = "$(BUILT_PRODUCTS_DIR)/Baseball.app/Baseball";
			};
			name = Debug;
		};
		556393751A85331D0000B8EA /* Release */ = {
			isa = XCBuildConfiguration;
			buildSettings = {
				BUNDLE_LOADER = "$(TEST_HOST)";
				FRAMEWORK_SEARCH_PATHS = (
					"$(SDKROOT)/Developer/Library/Frameworks",
					"$(inherited)",
				);
				INFOPLIST_FILE = BaseballTests/Info.plist;
				LD_RUNPATH_SEARCH_PATHS = "$(inherited) @executable_path/Frameworks @loader_path/Frameworks";
				PRODUCT_NAME = "$(TARGET_NAME)";
				TEST_HOST = "$(BUILT_PRODUCTS_DIR)/Baseball.app/Baseball";
			};
			name = Release;
		};
/* End XCBuildConfiguration section */

/* Begin XCConfigurationList section */
		556393481A85331D0000B8EA /* Build configuration list for PBXProject "Baseball" */ = {
			isa = XCConfigurationList;
			buildConfigurations = (
				5563936E1A85331D0000B8EA /* Debug */,
				5563936F1A85331D0000B8EA /* Release */,
			);
			defaultConfigurationIsVisible = 0;
			defaultConfigurationName = Release;
		};
		556393701A85331D0000B8EA /* Build configuration list for PBXNativeTarget "Baseball" */ = {
			isa = XCConfigurationList;
			buildConfigurations = (
				556393711A85331D0000B8EA /* Debug */,
				556393721A85331D0000B8EA /* Release */,
			);
			defaultConfigurationIsVisible = 0;
		};
		556393731A85331D0000B8EA /* Build configuration list for PBXNativeTarget "BaseballTests" */ = {
			isa = XCConfigurationList;
			buildConfigurations = (
				556393741A85331D0000B8EA /* Debug */,
				556393751A85331D0000B8EA /* Release */,
			);
			defaultConfigurationIsVisible = 0;
		};
/* End XCConfigurationList section */
	};
	rootObject = 556393451A85331D0000B8EA /* Project object */;
}
